
Microsoft Visual Studio Solution File, Format Version 12.00
# Visual Studio Version 16
VisualStudioVersion = 16.0.32413.511
MinimumVisualStudioVersion = 10.0.40219.1
Project("{FAE04EC0-301F-11D3-BF4B-00C04F79EFBC}") = "MuzejskiDjelatnici_LukaVulic", "MuzejskiDjelatnici_LukaVulic.csproj", "{D27ACF1A-CC8A-45CE-9742-C11998CE5D01}"
EndProject
Global
	GlobalSection(SolutionConfigurationPlatforms) = preSolution
		Debug|Any CPU = Debug|Any CPU
		Release|Any CPU = Release|Any CPU
	EndGlobalSection
	GlobalSection(ProjectConfigurationPlatforms) = postSolution
		{D27ACF1A-CC8A-45CE-9742-C11998CE5D01}.Debug|Any CPU.ActiveCfg = Debug|Any CPU
		{D27ACF1A-CC8A-45CE-9742-C11998CE5D01}.Debug|Any CPU.Build.0 = Debug|Any CPU
		{D27ACF1A-CC8A-45CE-9742-C11998CE5D01}.Release|Any CPU.ActiveCfg = Release|Any CPU
		{D27ACF1A-CC8A-45CE-9742-C11998CE5D01}.Release|Any CPU.Build.0 = Release|Any CPU
	EndGlobalSection
	GlobalSection(SolutionProperties) = preSolution
		HideSolutionNode = FALSE
	EndGlobalSection
	GlobalSection(ExtensibilityGlobals) = postSolution
		SolutionGuid = {A7C896D9-9C65-4586-A188-1863551E26BD}
	EndGlobalSection
EndGlobal
