
Microsoft Visual Studio Solution File, Format Version 12.00
# Visual Studio Version 16
VisualStudioVersion = 16.0.32413.511
MinimumVisualStudioVersion = 10.0.40219.1
Project("{FAE04EC0-301F-11D3-BF4B-00C04F79EFBC}") = "DF_Bolnica", "DF_Bolnica.csproj", "{96ECC46E-A939-4B6A-AF79-87CE7B7526AB}"
EndProject
Global
	GlobalSection(SolutionConfigurationPlatforms) = preSolution
		Debug|Any CPU = Debug|Any CPU
		Release|Any CPU = Release|Any CPU
	EndGlobalSection
	GlobalSection(ProjectConfigurationPlatforms) = postSolution
		{96ECC46E-A939-4B6A-AF79-87CE7B7526AB}.Debug|Any CPU.ActiveCfg = Debug|Any CPU
		{96ECC46E-A939-4B6A-AF79-87CE7B7526AB}.Debug|Any CPU.Build.0 = Debug|Any CPU
		{96ECC46E-A939-4B6A-AF79-87CE7B7526AB}.Release|Any CPU.ActiveCfg = Release|Any CPU
		{96ECC46E-A939-4B6A-AF79-87CE7B7526AB}.Release|Any CPU.Build.0 = Release|Any CPU
	EndGlobalSection
	GlobalSection(SolutionProperties) = preSolution
		HideSolutionNode = FALSE
	EndGlobalSection
	GlobalSection(ExtensibilityGlobals) = postSolution
		SolutionGuid = {BDBE25E7-9CF2-414D-AEBA-E9ACBB6FD0AE}
	EndGlobalSection
EndGlobal
